
Microsoft Visual Studio Solution File, Format Version 12.00
# Visual Studio Version 17
VisualStudioVersion = 17.2.32526.322
MinimumVisualStudioVersion = 10.0.40219.1
Project("{9A19103F-16F7-4668-BE54-9A1E7A4F7556}") = "EFCORE-05", "EFCORE-05\EFCORE-05.csproj", "{FCBB3C94-BC59-47F6-8C7F-665EC6083692}"
EndProject
Global
	GlobalSection(SolutionConfigurationPlatforms) = preSolution
		Debug|Any CPU = Debug|Any CPU
		Release|Any CPU = Release|Any CPU
	EndGlobalSection
	GlobalSection(ProjectConfigurationPlatforms) = postSolution
		{FCBB3C94-BC59-47F6-8C7F-665EC6083692}.Debug|Any CPU.ActiveCfg = Debug|Any CPU
		{FCBB3C94-BC59-47F6-8C7F-665EC6083692}.Debug|Any CPU.Build.0 = Debug|Any CPU
		{FCBB3C94-BC59-47F6-8C7F-665EC6083692}.Release|Any CPU.ActiveCfg = Release|Any CPU
		{FCBB3C94-BC59-47F6-8C7F-665EC6083692}.Release|Any CPU.Build.0 = Release|Any CPU
	EndGlobalSection
	GlobalSection(SolutionProperties) = preSolution
		HideSolutionNode = FALSE
	EndGlobalSection
	GlobalSection(ExtensibilityGlobals) = postSolution
		SolutionGuid = {F01DACF9-3F2C-418E-B3A4-C03192F343ED}
	EndGlobalSection
EndGlobal
